
Microsoft Visual Studio Solution File, Format Version 12.00
# Visual Studio Version 16
VisualStudioVersion = 16.0.30413.136
MinimumVisualStudioVersion = 10.0.40219.1
Project("{FAE04EC0-301F-11D3-BF4B-00C04F79EFBC}") = "Task2", "Task2\Task2.csproj", "{74ADF184-B059-41CA-85B9-C48848B9E114}"
EndProject
Project("{FAE04EC0-301F-11D3-BF4B-00C04F79EFBC}") = "Task2Tests", "Task2Tests\Task2Tests.csproj", "{6C55C201-CE9E-4AA7-9F2F-0EC0706C7829}"
EndProject
Global
	GlobalSection(SolutionConfigurationPlatforms) = preSolution
		Debug|Any CPU = Debug|Any CPU
		Release|Any CPU = Release|Any CPU
	EndGlobalSection
	GlobalSection(ProjectConfigurationPlatforms) = postSolution
		{74ADF184-B059-41CA-85B9-C48848B9E114}.Debug|Any CPU.ActiveCfg = Debug|Any CPU
		{74ADF184-B059-41CA-85B9-C48848B9E114}.Debug|Any CPU.Build.0 = Debug|Any CPU
		{74ADF184-B059-41CA-85B9-C48848B9E114}.Release|Any CPU.ActiveCfg = Release|Any CPU
		{74ADF184-B059-41CA-85B9-C48848B9E114}.Release|Any CPU.Build.0 = Release|Any CPU
		{6C55C201-CE9E-4AA7-9F2F-0EC0706C7829}.Debug|Any CPU.ActiveCfg = Debug|Any CPU
		{6C55C201-CE9E-4AA7-9F2F-0EC0706C7829}.Debug|Any CPU.Build.0 = Debug|Any CPU
		{6C55C201-CE9E-4AA7-9F2F-0EC0706C7829}.Release|Any CPU.ActiveCfg = Release|Any CPU
		{6C55C201-CE9E-4AA7-9F2F-0EC0706C7829}.Release|Any CPU.Build.0 = Release|Any CPU
	EndGlobalSection
	GlobalSection(SolutionProperties) = preSolution
		HideSolutionNode = FALSE
	EndGlobalSection
	GlobalSection(ExtensibilityGlobals) = postSolution
		SolutionGuid = {5A752E39-96F4-489B-9F70-2A1A24211A46}
	EndGlobalSection
EndGlobal
